
Microsoft Visual Studio Solution File, Format Version 12.00
# Visual Studio Version 17
VisualStudioVersion = 17.6.33815.320
MinimumVisualStudioVersion = 10.0.40219.1
Project("{FAE04EC0-301F-11D3-BF4B-00C04F79EFBC}") = "WcfServiceLibrary1", "WcfServiceLibrary1.csproj", "{D4F260F8-BD7A-4246-B7D2-2E7E45E9027A}"
EndProject
Global
	GlobalSection(SolutionConfigurationPlatforms) = preSolution
		Debug|Any CPU = Debug|Any CPU
		Release|Any CPU = Release|Any CPU
	EndGlobalSection
	GlobalSection(ProjectConfigurationPlatforms) = postSolution
		{D4F260F8-BD7A-4246-B7D2-2E7E45E9027A}.Debug|Any CPU.ActiveCfg = Debug|Any CPU
		{D4F260F8-BD7A-4246-B7D2-2E7E45E9027A}.Debug|Any CPU.Build.0 = Debug|Any CPU
		{D4F260F8-BD7A-4246-B7D2-2E7E45E9027A}.Release|Any CPU.ActiveCfg = Release|Any CPU
		{D4F260F8-BD7A-4246-B7D2-2E7E45E9027A}.Release|Any CPU.Build.0 = Release|Any CPU
	EndGlobalSection
	GlobalSection(SolutionProperties) = preSolution
		HideSolutionNode = FALSE
	EndGlobalSection
	GlobalSection(ExtensibilityGlobals) = postSolution
		SolutionGuid = {89FD0854-171D-4256-A5D3-D94A1FA9C8BE}
	EndGlobalSection
EndGlobal
